{
  "requires": true,
  "lockfileVersion": 1,
  "dependencies": {
    "@types/vuelidate": {
      "version": "0.7.15",
      "resolved": "https://registry.npmjs.org/@types/vuelidate/-/vuelidate-0.7.15.tgz",
      "integrity": "sha512-U3uabs0vVuRmxx4+cwa5Hhq1edxWuMODEf/u98PQ4+EJtZCs4TZep9q6zrGuqWmVImUc2DlKD33kXmSZqakV/A==",
      "requires": {
        "vue": "^2.6.11"
      }
    },
    "date-format-parse": {
      "version": "0.2.6",
      "resolved": "https://registry.npmjs.org/date-format-parse/-/date-format-parse-0.2.6.tgz",
      "integrity": "sha512-sdxnYAWmLopeb+6Hmw+vo3or4OCJOnh4+YoJ9p+Id3o2EnNP0INpTqx7wr8UregfMpgaSZAH473R/ytiaB3gVg=="
    },
    "moment": {
      "version": "2.29.1",
      "resolved": "https://registry.npmjs.org/moment/-/moment-2.29.1.tgz",
      "integrity": "sha512-kHmoybcPV8Sqy59DwNDY3Jefr64lK/by/da0ViFcuA4DH0vQg5Q6Ze5VimxkfQNSC+Mls/Kx53s7TjP1RhFEDQ=="
    },
    "v-money": {
      "version": "0.8.1",
      "resolved": "https://registry.npmjs.org/v-money/-/v-money-0.8.1.tgz",
      "integrity": "sha512-raz87AP5F2YEpv1GAocI3SC/y9af1+TQeZQIhAK5UNovho6dnh6RQBa5UG8ZNC+BPLpUh5VECi7EWTjr4+4s1g=="
    },
    "vee-validate": {
      "version": "3.4.11",
      "resolved": "https://registry.npmjs.org/vee-validate/-/vee-validate-3.4.11.tgz",
      "integrity": "sha512-508zDZkxqzlXgOo3Rb+djjA1HxQjkUJzM2FKzxWIiwlarzYPb3J9seMifJZ+AfaWXraErZ+L0/6ncUBP7MYx2A=="
    },
    "vue": {
      "version": "2.6.14",
      "resolved": "https://registry.npmjs.org/vue/-/vue-2.6.14.tgz",
      "integrity": "sha512-x2284lgYvjOMj3Za7kqzRcUSxBboHqtgRE2zlos1qWaOye5yUmHn42LB1250NJBLRwEcdrB0JRwyPTEPhfQjiQ=="
    },
    "vue-slide-up-down": {
      "version": "2.0.1",
      "resolved": "https://registry.npmjs.org/vue-slide-up-down/-/vue-slide-up-down-2.0.1.tgz",
      "integrity": "sha512-2crtzW3oeasRrDMNrKMUW5cz0HV7qhj2BPM9UNtPZwVXiHZT5qjdcn1GwpRxKK7DMBhD6OeTmEumwWxXK5XdHw=="
    },
    "vue-the-mask": {
      "version": "0.11.1",
      "resolved": "https://registry.npmjs.org/vue-the-mask/-/vue-the-mask-0.11.1.tgz",
      "integrity": "sha512-UquSfnSWejD0zAfcD+3jJ1chUAkOAyoxya9Lxh9acCRtrlmGcAIvd0cQYraWqKenbuZJUdum+S174atv2AuEHQ=="
    },
    "vue-toast-notification": {
      "version": "0.6.2",
      "resolved": "https://registry.npmjs.org/vue-toast-notification/-/vue-toast-notification-0.6.2.tgz",
      "integrity": "sha512-fIsgALA3yQAtTnZjyUg5Y1tbVrYkLNBCET/ZvvDTS7tnmaWz8L1IzkESrRs1KIiqIGRVbBbiZAzUImrVBEziDA=="
    },
    "vue-toastification": {
      "version": "1.7.11",
      "resolved": "https://registry.npmjs.org/vue-toastification/-/vue-toastification-1.7.11.tgz",
      "integrity": "sha512-CT/DYttb/VtWDNdhJG0BskLVfveZq5rGOgO/u3qTX+RPQQzX0WSai8VVxxUuvR8UpxfSGPS+JQleR33bo3Vadg=="
    },
    "vue2-datepicker": {
      "version": "3.9.1",
      "resolved": "https://registry.npmjs.org/vue2-datepicker/-/vue2-datepicker-3.9.1.tgz",
      "integrity": "sha512-LuvcgGR+sDYKcih0z+cyvYufGyBwUtIiwzJPwxE63C8gOsAWiE09KuGtZ3OxdQXJEQM2MGQ9t9t1t7382FiFOg==",
      "requires": {
        "date-format-parse": "^0.2.6"
      }
    },
    "vuelidate": {
      "version": "0.7.6",
      "resolved": "https://registry.npmjs.org/vuelidate/-/vuelidate-0.7.6.tgz",
      "integrity": "sha512-suzIuet1jGcyZ4oUSW8J27R2tNrJ9cIfklAh63EbAkFjE380iv97BAiIeolRYoB9bF9usBXCu4BxftWN1Dkn3g=="
    }
  }
}
